{
  "name": "@tillo-ds/button",
  "version": "0.0.3",
  "lockfileVersion": 1,
  "requires": true,
  "dependencies": {
    "@tillo-ds/styles": {
      "version": "0.0.3",
      "resolved": "https://registry.npmjs.org/@tillo-ds/styles/-/styles-0.0.3.tgz",
      "integrity": "sha512-Rm6+7TiULuIuqeWfXyEId26xgwfbbFFnmPezfNAUqCD6SOaqOcgZ4vMzFaKKlmacJAKeG3R3dkWvAcx1g/Wudg==",
      "dev": true
    }
  }
}
